
Microsoft Visual Studio Solution File, Format Version 12.00
# Visual Studio Version 17
VisualStudioVersion = 17.4.33213.308
MinimumVisualStudioVersion = 10.0.40219.1
Project("{FAE04EC0-301F-11D3-BF4B-00C04F79EFBC}") = "CSharp_Fibonacci", "CSharp_Fibonacci\CSharp_Fibonacci.csproj", "{C8301887-BE29-4A44-993E-85FE4A08367B}"
EndProject
Global
	GlobalSection(SolutionConfigurationPlatforms) = preSolution
		Debug|Any CPU = Debug|Any CPU
		Release|Any CPU = Release|Any CPU
	EndGlobalSection
	GlobalSection(ProjectConfigurationPlatforms) = postSolution
		{C8301887-BE29-4A44-993E-85FE4A08367B}.Debug|Any CPU.ActiveCfg = Debug|Any CPU
		{C8301887-BE29-4A44-993E-85FE4A08367B}.Debug|Any CPU.Build.0 = Debug|Any CPU
		{C8301887-BE29-4A44-993E-85FE4A08367B}.Release|Any CPU.ActiveCfg = Release|Any CPU
		{C8301887-BE29-4A44-993E-85FE4A08367B}.Release|Any CPU.Build.0 = Release|Any CPU
	EndGlobalSection
	GlobalSection(SolutionProperties) = preSolution
		HideSolutionNode = FALSE
	EndGlobalSection
	GlobalSection(ExtensibilityGlobals) = postSolution
		SolutionGuid = {899F6A53-F798-4E53-A882-C798C3B041F0}
	EndGlobalSection
EndGlobal
